
Microsoft Visual Studio Solution File, Format Version 12.00
# Visual Studio Version 16
VisualStudioVersion = 16.0.31129.286
MinimumVisualStudioVersion = 10.0.40219.1
Project("{9A19103F-16F7-4668-BE54-9A1E7A4F7556}") = "ConsoleAlgorithmsCSharp", "ConsoleAlgorithmsCSharp\ConsoleAlgorithmsCSharp.csproj", "{D151F3FC-C315-4222-8E4E-EE1725D40C1C}"
EndProject
Project("{FAE04EC0-301F-11D3-BF4B-00C04F79EFBC}") = "FibonachiNum", "FibonachiNum\FibonachiNum.csproj", "{B922EBF2-996D-41F9-B21F-1BCC71E395A6}"
EndProject
Global
	GlobalSection(SolutionConfigurationPlatforms) = preSolution
		Debug|Any CPU = Debug|Any CPU
		Release|Any CPU = Release|Any CPU
	EndGlobalSection
	GlobalSection(ProjectConfigurationPlatforms) = postSolution
		{D151F3FC-C315-4222-8E4E-EE1725D40C1C}.Debug|Any CPU.ActiveCfg = Debug|Any CPU
		{D151F3FC-C315-4222-8E4E-EE1725D40C1C}.Debug|Any CPU.Build.0 = Debug|Any CPU
		{D151F3FC-C315-4222-8E4E-EE1725D40C1C}.Release|Any CPU.ActiveCfg = Release|Any CPU
		{D151F3FC-C315-4222-8E4E-EE1725D40C1C}.Release|Any CPU.Build.0 = Release|Any CPU
		{B922EBF2-996D-41F9-B21F-1BCC71E395A6}.Debug|Any CPU.ActiveCfg = Debug|Any CPU
		{B922EBF2-996D-41F9-B21F-1BCC71E395A6}.Debug|Any CPU.Build.0 = Debug|Any CPU
		{B922EBF2-996D-41F9-B21F-1BCC71E395A6}.Release|Any CPU.ActiveCfg = Release|Any CPU
		{B922EBF2-996D-41F9-B21F-1BCC71E395A6}.Release|Any CPU.Build.0 = Release|Any CPU
	EndGlobalSection
	GlobalSection(SolutionProperties) = preSolution
		HideSolutionNode = FALSE
	EndGlobalSection
	GlobalSection(ExtensibilityGlobals) = postSolution
		SolutionGuid = {E5A0A94B-A983-4B9C-9522-B8AEFC2A8B32}
	EndGlobalSection
EndGlobal
